{
  "version": 4,
  "terraform_version": "1.3.9",
  "serial": 13,
  "lineage": "dbde5f87-264d-16ca-ff84-cf7e0f03ca84",
  "outputs": {},
  "resources": [
    {
      "mode": "managed",
      "type": "google_project_iam_member",
      "name": "rolebinding",
      "provider": "provider[\"registry.terraform.io/hashicorp/google\"]",
      "instances": [
        {
          "index_key": "new-project-3-376517-editor-user:nallamala009@gmail.com",
          "schema_version": 0,
          "attributes": {
            "condition": [],
            "etag": "BwX1vMp/Uig=",
            "id": "new-project-3-376517/roles/editor/user:nallamala009@gmail.com",
            "member": "user:nallamala009@gmail.com",
            "project": "new-project-3-376517",
            "role": "roles/editor"
          },
          "sensitive_attributes": [],
          "private": "bnVsbA=="
        },
        {
          "index_key": "new-project-3-376517-editor-user:vamsikrish.thota39@gmail.com",
          "schema_version": 0,
          "attributes": {
            "condition": [],
            "etag": "BwX1vMp/Uig=",
            "id": "new-project-3-376517/roles/editor/user:vamsikrish.thota39@gmail.com",
            "member": "user:vamsikrish.thota39@gmail.com",
            "project": "new-project-3-376517",
            "role": "roles/editor"
          },
          "sensitive_attributes": [],
          "private": "bnVsbA=="
        },
        {
          "index_key": "new-project-3-376517-owner-user:srikanth.dev549@gmail.com",
          "schema_version": 0,
          "attributes": {
            "condition": [],
            "etag": "BwX1vMp/Uig=",
            "id": "new-project-3-376517/roles/owner/user:srikanth.dev549@gmail.com",
            "member": "user:srikanth.dev549@gmail.com",
            "project": "new-project-3-376517",
            "role": "roles/owner"
          },
          "sensitive_attributes": [],
          "private": "bnVsbA=="
        },
        {
          "index_key": "new-project-3-376517-viewer-user:sairam.vallem@gmail.com",
          "schema_version": 0,
          "attributes": {
            "condition": [],
            "etag": "BwX1vMp/Uig=",
            "id": "new-project-3-376517/roles/viewer/user:sairam.vallem@gmail.com",
            "member": "user:sairam.vallem@gmail.com",
            "project": "new-project-3-376517",
            "role": "roles/viewer"
          },
          "sensitive_attributes": [],
          "private": "bnVsbA=="
        },
        {
          "index_key": "new-project1-376506-editor-user:nallamala191@gmail.com",
          "schema_version": 0,
          "attributes": {
            "condition": [],
            "etag": "BwX1vY571MQ=",
            "id": "new-project1-376506/roles/editor/user:nallamala191@gmail.com",
            "member": "user:nallamala191@gmail.com",
            "project": "new-project1-376506",
            "role": "roles/editor"
          },
          "sensitive_attributes": [],
          "private": "bnVsbA=="
        },
        {
          "index_key": "new-project1-376506-owner-user:srikanth.dev549@gmail.com",
          "schema_version": 0,
          "attributes": {
            "condition": [],
            "etag": "BwX1vY571MQ=",
            "id": "new-project1-376506/roles/owner/user:srikanth.dev549@gmail.com",
            "member": "user:srikanth.dev549@gmail.com",
            "project": "new-project1-376506",
            "role": "roles/owner"
          },
          "sensitive_attributes": [],
          "private": "bnVsbA=="
        },
        {
          "index_key": "new-project1-376506-resourcemanager.projectIamAdmin-serviceAccount:test-957@new-project1-376506.iam.gserviceaccount.com",
          "schema_version": 0,
          "attributes": {
            "condition": [],
            "etag": "BwX1vY571MQ=",
            "id": "new-project1-376506/roles/resourcemanager.projectIamAdmin/serviceAccount:test-957@new-project1-376506.iam.gserviceaccount.com",
            "member": "serviceAccount:test-957@new-project1-376506.iam.gserviceaccount.com",
            "project": "new-project1-376506",
            "role": "roles/resourcemanager.projectIamAdmin"
          },
          "sensitive_attributes": [],
          "private": "bnVsbA=="
        },
        {
          "index_key": "new-project1-376506-viewer-user:nallamala009@gmail.com",
          "schema_version": 0,
          "attributes": {
            "condition": [],
            "etag": "BwX1vZcb04I=",
            "id": "new-project1-376506/roles/viewer/user:nallamala009@gmail.com",
            "member": "user:nallamala009@gmail.com",
            "project": "new-project1-376506",
            "role": "roles/viewer"
          },
          "sensitive_attributes": [],
          "private": "bnVsbA=="
        },
        {
          "index_key": "new-project2-376506-browser-user:eluru.cmmu@gmail.com",
          "schema_version": 0,
          "attributes": {
            "condition": [],
            "etag": "BwX1vMp9mhM=",
            "id": "new-project2-376506/roles/browser/user:eluru.cmmu@gmail.com",
            "member": "user:eluru.cmmu@gmail.com",
            "project": "new-project2-376506",
            "role": "roles/browser"
          },
          "sensitive_attributes": [],
          "private": "bnVsbA=="
        },
        {
          "index_key": "new-project2-376506-owner-user:srikanth.dev549@gmail.com",
          "schema_version": 0,
          "attributes": {
            "condition": [],
            "etag": "BwX1vMp9mhM=",
            "id": "new-project2-376506/roles/owner/user:srikanth.dev549@gmail.com",
            "member": "user:srikanth.dev549@gmail.com",
            "project": "new-project2-376506",
            "role": "roles/owner"
          },
          "sensitive_attributes": [],
          "private": "bnVsbA=="
        }
      ]
    },
    {
      "mode": "managed",
      "type": "null_resource",
      "name": "display_message",
      "provider": "provider[\"registry.terraform.io/hashicorp/null\"]",
      "instances": [
        {
          "schema_version": 0,
          "attributes": {
            "id": "1774256422284426869",
            "triggers": null
          },
          "sensitive_attributes": []
        }
      ]
    }
  ],
  "check_results": null
}
